
Microsoft Visual Studio Solution File, Format Version 12.00
# Visual Studio Version 16
VisualStudioVersion = 16.0.31424.327
MinimumVisualStudioVersion = 10.0.40219.1
Project("{FAE04EC0-301F-11D3-BF4B-00C04F79EFBC}") = "ConsoleApp5", "ConsoleApp5\ConsoleApp5.csproj", "{2E0D90A1-3740-46FA-8730-FDAA1101F54D}"
EndProject
Global
	GlobalSection(SolutionConfigurationPlatforms) = preSolution
		Debug|Any CPU = Debug|Any CPU
		Release|Any CPU = Release|Any CPU
	EndGlobalSection
	GlobalSection(ProjectConfigurationPlatforms) = postSolution
		{2E0D90A1-3740-46FA-8730-FDAA1101F54D}.Debug|Any CPU.ActiveCfg = Debug|Any CPU
		{2E0D90A1-3740-46FA-8730-FDAA1101F54D}.Debug|Any CPU.Build.0 = Debug|Any CPU
		{2E0D90A1-3740-46FA-8730-FDAA1101F54D}.Release|Any CPU.ActiveCfg = Release|Any CPU
		{2E0D90A1-3740-46FA-8730-FDAA1101F54D}.Release|Any CPU.Build.0 = Release|Any CPU
	EndGlobalSection
	GlobalSection(SolutionProperties) = preSolution
		HideSolutionNode = FALSE
	EndGlobalSection
	GlobalSection(ExtensibilityGlobals) = postSolution
		SolutionGuid = {05080EAE-EEBB-4DA9-B705-DC77AF4318A6}
	EndGlobalSection
EndGlobal
